
Microsoft Visual Studio Solution File, Format Version 12.00
# Visual Studio 14
VisualStudioVersion = 14.0.24720.0
MinimumVisualStudioVersion = 10.0.40219.1
Project("{FAE04EC0-301F-11D3-BF4B-00C04F79EFBC}") = "ControlFlow", "ControlFlow\ControlFlow.csproj", "{DD4B2334-6BAE-4AC3-9941-BDBFEE3C8D23}"
EndProject
Project("{FAE04EC0-301F-11D3-BF4B-00C04F79EFBC}") = "Loops", "Loops\Loops.csproj", "{44D8BD5F-FA8F-49B0-B729-B1550FBBC21C}"
EndProject
Global
	GlobalSection(SolutionConfigurationPlatforms) = preSolution
		Debug|Any CPU = Debug|Any CPU
		Release|Any CPU = Release|Any CPU
	EndGlobalSection
	GlobalSection(ProjectConfigurationPlatforms) = postSolution
		{DD4B2334-6BAE-4AC3-9941-BDBFEE3C8D23}.Debug|Any CPU.ActiveCfg = Debug|Any CPU
		{DD4B2334-6BAE-4AC3-9941-BDBFEE3C8D23}.Debug|Any CPU.Build.0 = Debug|Any CPU
		{DD4B2334-6BAE-4AC3-9941-BDBFEE3C8D23}.Release|Any CPU.ActiveCfg = Release|Any CPU
		{DD4B2334-6BAE-4AC3-9941-BDBFEE3C8D23}.Release|Any CPU.Build.0 = Release|Any CPU
		{44D8BD5F-FA8F-49B0-B729-B1550FBBC21C}.Debug|Any CPU.ActiveCfg = Debug|Any CPU
		{44D8BD5F-FA8F-49B0-B729-B1550FBBC21C}.Debug|Any CPU.Build.0 = Debug|Any CPU
		{44D8BD5F-FA8F-49B0-B729-B1550FBBC21C}.Release|Any CPU.ActiveCfg = Release|Any CPU
		{44D8BD5F-FA8F-49B0-B729-B1550FBBC21C}.Release|Any CPU.Build.0 = Release|Any CPU
	EndGlobalSection
	GlobalSection(SolutionProperties) = preSolution
		HideSolutionNode = FALSE
	EndGlobalSection
EndGlobal
